// !$*UTF8*$!
{
	archiveVersion = 1;
	classes = {
	};
	objectVersion = 46;
	objects = {

/* Begin PBXBuildFile section */
		010CF56B1B1ADFA4005BB64C /* main.m in Sources */ = {isa = PBXBuildFile; fileRef = 010CF56A1B1ADFA4005BB64C /* main.m */; };
		010CF56E1B1ADFA4005BB64C /* AppDelegate.m in Sources */ = {isa = PBXBuildFile; fileRef = 010CF56D1B1ADFA4005BB64C /* AppDelegate.m */; };
		010CF5711B1ADFA4005BB64C /* ViewController.m in Sources */ = {isa = PBXBuildFile; fileRef = 010CF5701B1ADFA4005BB64C /* ViewController.m */; };
		010CF5741B1ADFA4005BB64C /* Main.storyboard in Resources */ = {isa = PBXBuildFile; fileRef = 010CF5721B1ADFA4005BB64C /* Main.storyboard */; };
		010CF5761B1ADFA4005BB64C /* Images.xcassets in Resources */ = {isa = PBXBuildFile; fileRef = 010CF5751B1ADFA4005BB64C /* Images.xcassets */; };
		010CF5791B1ADFA4005BB64C /* LaunchScreen.xib in Resources */ = {isa = PBXBuildFile; fileRef = 010CF5771B1ADFA4005BB64C /* LaunchScreen.xib */; };
		010CF5851B1ADFA4005BB64C /* TriColorCircularDemoTests.m in Sources */ = {isa = PBXBuildFile; fileRef = 010CF5841B1ADFA4005BB64C /* TriColorCircularDemoTests.m */; };
		010CF5931B1ADFF7005BB64C /* ProgressLayer.m in Sources */ = {isa = PBXBuildFile; fileRef = 010CF5901B1ADFF7005BB64C /* ProgressLayer.m */; };
		010CF5941B1ADFF7005BB64C /* TriColorCircularProgress.m in Sources */ = {isa = PBXBuildFile; fileRef = 010CF5921B1ADFF7005BB64C /* TriColorCircularProgress.m */; };
/* End PBXBuildFile section */

/* Begin PBXContainerItemProxy section */
		010CF57F1B1ADFA4005BB64C /* PBXContainerItemProxy */ = {
			isa = PBXContainerItemProxy;
			containerPortal = 010CF55D1B1ADFA4005BB64C /* Project object */;
			proxyType = 1;
			remoteGlobalIDString = 010CF5641B1ADFA4005BB64C;
			remoteInfo = TriColorCircularDemo;
		};
/* End PBXContainerItemProxy section */

/* Begin PBXFileReference section */
		010CF5651B1ADFA4005BB64C /* TriColorCircularDemo.app */ = {isa = PBXFileReference; explicitFileType = wrapper.application; includeInIndex = 0; path = TriColorCircularDemo.app; sourceTree = BUILT_PRODUCTS_DIR; };
		010CF5691B1ADFA4005BB64C /* Info.plist */ = {isa = PBXFileReference; lastKnownFileType = text.plist.xml; path = Info.plist; sourceTree = "<group>"; };
		010CF56A1B1ADFA4005BB64C /* main.m */ = {isa = PBXFileReference; lastKnownFileType = sourcecode.c.objc; path = main.m; sourceTree = "<group>"; };
		010CF56C1B1ADFA4005BB64C /* AppDelegate.h */ = {isa = PBXFileReference; lastKnownFileType = sourcecode.c.h; path = AppDelegate.h; sourceTree = "<group>"; };
		010CF56D1B1ADFA4005BB64C /* AppDelegate.m */ = {isa = PBXFileReference; lastKnownFileType = sourcecode.c.objc; path = AppDelegate.m; sourceTree = "<group>"; };
		010CF56F1B1ADFA4005BB64C /* ViewController.h */ = {isa = PBXFileReference; lastKnownFileType = sourcecode.c.h; path = ViewController.h; sourceTree = "<group>"; };
		010CF5701B1ADFA4005BB64C /* ViewController.m */ = {isa = PBXFileReference; lastKnownFileType = sourcecode.c.objc; path = ViewController.m; sourceTree = "<group>"; };
		010CF5731B1ADFA4005BB64C /* Base */ = {isa = PBXFileReference; lastKnownFileType = file.storyboard; name = Base; path = Base.lproj/Main.storyboard; sourceTree = "<group>"; };
		010CF5751B1ADFA4005BB64C /* Images.xcassets */ = {isa = PBXFileReference; lastKnownFileType = folder.assetcatalog; path = Images.xcassets; sourceTree = "<group>"; };
		010CF5781B1ADFA4005BB64C /* Base */ = {isa = PBXFileReference; lastKnownFileType = file.xib; name = Base; path = Base.lproj/LaunchScreen.xib; sourceTree = "<group>"; };
		010CF57E1B1ADFA4005BB64C /* TriColorCircularDemoTests.xctest */ = {isa = PBXFileReference; explicitFileType = wrapper.cfbundle; includeInIndex = 0; path = TriColorCircularDemoTests.xctest; sourceTree = BUILT_PRODUCTS_DIR; };
		010CF5831B1ADFA4005BB64C /* Info.plist */ = {isa = PBXFileReference; lastKnownFileType = text.plist.xml; path = Info.plist; sourceTree = "<group>"; };
		010CF5841B1ADFA4005BB64C /* TriColorCircularDemoTests.m */ = {isa = PBXFileReference; lastKnownFileType = sourcecode.c.objc; path = TriColorCircularDemoTests.m; sourceTree = "<group>"; };
		010CF58F1B1ADFF7005BB64C /* ProgressLayer.h */ = {isa = PBXFileReference; fileEncoding = 4; lastKnownFileType = sourcecode.c.h; path = ProgressLayer.h; sourceTree = "<group>"; };
		010CF5901B1ADFF7005BB64C /* ProgressLayer.m */ = {isa = PBXFileReference; fileEncoding = 4; lastKnownFileType = sourcecode.c.objc; path = ProgressLayer.m; sourceTree = "<group>"; };
		010CF5911B1ADFF7005BB64C /* TriColorCircularProgress.h */ = {isa = PBXFileReference; fileEncoding = 4; lastKnownFileType = sourcecode.c.h; path = TriColorCircularProgress.h; sourceTree = "<group>"; };
		010CF5921B1ADFF7005BB64C /* TriColorCircularProgress.m */ = {isa = PBXFileReference; fileEncoding = 4; lastKnownFileType = sourcecode.c.objc; path = TriColorCircularProgress.m; sourceTree = "<group>"; };
/* End PBXFileReference section */

/* Begin PBXFrameworksBuildPhase section */
		010CF5621B1ADFA4005BB64C /* Frameworks */ = {
			isa = PBXFrameworksBuildPhase;
			buildActionMask = 2147483647;
			files = (
			);
			runOnlyForDeploymentPostprocessing = 0;
		};
		010CF57B1B1ADFA4005BB64C /* Frameworks */ = {
			isa = PBXFrameworksBuildPhase;
			buildActionMask = 2147483647;
			files = (
			);
			runOnlyForDeploymentPostprocessing = 0;
		};
/* End PBXFrameworksBuildPhase section */

/* Begin PBXGroup section */
		010CF55C1B1ADFA4005BB64C = {
			isa = PBXGroup;
			children = (
				010CF5671B1ADFA4005BB64C /* TriColorCircularDemo */,
				010CF5811B1ADFA4005BB64C /* TriColorCircularDemoTests */,
				010CF5661B1ADFA4005BB64C /* Products */,
			);
			sourceTree = "<group>";
		};
		010CF5661B1ADFA4005BB64C /* Products */ = {
			isa = PBXGroup;
			children = (
				010CF5651B1ADFA4005BB64C /* TriColorCircularDemo.app */,
				010CF57E1B1ADFA4005BB64C /* TriColorCircularDemoTests.xctest */,
			);
			name = Products;
			sourceTree = "<group>";
		};
		010CF5671B1ADFA4005BB64C /* TriColorCircularDemo */ = {
			isa = PBXGroup;
			children = (
				010CF58E1B1ADFDF005BB64C /* Utility */,
				010CF56C1B1ADFA4005BB64C /* AppDelegate.h */,
				010CF56D1B1ADFA4005BB64C /* AppDelegate.m */,
				010CF56F1B1ADFA4005BB64C /* ViewController.h */,
				010CF5701B1ADFA4005BB64C /* ViewController.m */,
				010CF5721B1ADFA4005BB64C /* Main.storyboard */,
				010CF5751B1ADFA4005BB64C /* Images.xcassets */,
				010CF5771B1ADFA4005BB64C /* LaunchScreen.xib */,
				010CF5681B1ADFA4005BB64C /* Supporting Files */,
			);
			path = TriColorCircularDemo;
			sourceTree = "<group>";
		};
		010CF5681B1ADFA4005BB64C /* Supporting Files */ = {
			isa = PBXGroup;
			children = (
				010CF5691B1ADFA4005BB64C /* Info.plist */,
				010CF56A1B1ADFA4005BB64C /* main.m */,
			);
			name = "Supporting Files";
			sourceTree = "<group>";
		};
		010CF5811B1ADFA4005BB64C /* TriColorCircularDemoTests */ = {
			isa = PBXGroup;
			children = (
				010CF5841B1ADFA4005BB64C /* TriColorCircularDemoTests.m */,
				010CF5821B1ADFA4005BB64C /* Supporting Files */,
			);
			path = TriColorCircularDemoTests;
			sourceTree = "<group>";
		};
		010CF5821B1ADFA4005BB64C /* Supporting Files */ = {
			isa = PBXGroup;
			children = (
				010CF5831B1ADFA4005BB64C /* Info.plist */,
			);
			name = "Supporting Files";
			sourceTree = "<group>";
		};
		010CF58E1B1ADFDF005BB64C /* Utility */ = {
			isa = PBXGroup;
			children = (
				010CF58F1B1ADFF7005BB64C /* ProgressLayer.h */,
				010CF5901B1ADFF7005BB64C /* ProgressLayer.m */,
				010CF5911B1ADFF7005BB64C /* TriColorCircularProgress.h */,
				010CF5921B1ADFF7005BB64C /* TriColorCircularProgress.m */,
			);
			path = Utility;
			sourceTree = "<group>";
		};
/* End PBXGroup section */

/* Begin PBXNativeTarget section */
		010CF5641B1ADFA4005BB64C /* TriColorCircularDemo */ = {
			isa = PBXNativeTarget;
			buildConfigurationList = 010CF5881B1ADFA4005BB64C /* Build configuration list for PBXNativeTarget "TriColorCircularDemo" */;
			buildPhases = (
				010CF5611B1ADFA4005BB64C /* Sources */,
				010CF5621B1ADFA4005BB64C /* Frameworks */,
				010CF5631B1ADFA4005BB64C /* Resources */,
			);
			buildRules = (
			);
			dependencies = (
			);
			name = TriColorCircularDemo;
			productName = TriColorCircularDemo;
			productReference = 010CF5651B1ADFA4005BB64C /* TriColorCircularDemo.app */;
			productType = "com.apple.product-type.application";
		};
		010CF57D1B1ADFA4005BB64C /* TriColorCircularDemoTests */ = {
			isa = PBXNativeTarget;
			buildConfigurationList = 010CF58B1B1ADFA4005BB64C /* Build configuration list for PBXNativeTarget "TriColorCircularDemoTests" */;
			buildPhases = (
				010CF57A1B1ADFA4005BB64C /* Sources */,
				010CF57B1B1ADFA4005BB64C /* Frameworks */,
				010CF57C1B1ADFA4005BB64C /* Resources */,
			);
			buildRules = (
			);
			dependencies = (
				010CF5801B1ADFA4005BB64C /* PBXTargetDependency */,
			);
			name = TriColorCircularDemoTests;
			productName = TriColorCircularDemoTests;
			productReference = 010CF57E1B1ADFA4005BB64C /* TriColorCircularDemoTests.xctest */;
			productType = "com.apple.product-type.bundle.unit-test";
		};
/* End PBXNativeTarget section */

/* Begin PBXProject section */
		010CF55D1B1ADFA4005BB64C /* Project object */ = {
			isa = PBXProject;
			attributes = {
				LastUpgradeCheck = 0630;
				ORGANIZATIONNAME = "Adnure, Jay";
				TargetAttributes = {
					010CF5641B1ADFA4005BB64C = {
						CreatedOnToolsVersion = 6.3.1;
					};
					010CF57D1B1ADFA4005BB64C = {
						CreatedOnToolsVersion = 6.3.1;
						TestTargetID = 010CF5641B1ADFA4005BB64C;
					};
				};
			};
			buildConfigurationList = 010CF5601B1ADFA4005BB64C /* Build configuration list for PBXProject "TriColorCircularDemo" */;
			compatibilityVersion = "Xcode 3.2";
			developmentRegion = English;
			hasScannedForEncodings = 0;
			knownRegions = (
				en,
				Base,
			);
			mainGroup = 010CF55C1B1ADFA4005BB64C;
			productRefGroup = 010CF5661B1ADFA4005BB64C /* Products */;
			projectDirPath = "";
			projectRoot = "";
			targets = (
				010CF5641B1ADFA4005BB64C /* TriColorCircularDemo */,
				010CF57D1B1ADFA4005BB64C /* TriColorCircularDemoTests */,
			);
		};
/* End PBXProject section */

/* Begin PBXResourcesBuildPhase section */
		010CF5631B1ADFA4005BB64C /* Resources */ = {
			isa = PBXResourcesBuildPhase;
			buildActionMask = 2147483647;
			files = (
				010CF5741B1ADFA4005BB64C /* Main.storyboard in Resources */,
				010CF5791B1ADFA4005BB64C /* LaunchScreen.xib in Resources */,
				010CF5761B1ADFA4005BB64C /* Images.xcassets in Resources */,
			);
			runOnlyForDeploymentPostprocessing = 0;
		};
		010CF57C1B1ADFA4005BB64C /* Resources */ = {
			isa = PBXResourcesBuildPhase;
			buildActionMask = 2147483647;
			files = (
			);
			runOnlyForDeploymentPostprocessing = 0;
		};
/* End PBXResourcesBuildPhase section */

/* Begin PBXSourcesBuildPhase section */
		010CF5611B1ADFA4005BB64C /* Sources */ = {
			isa = PBXSourcesBuildPhase;
			buildActionMask = 2147483647;
			files = (
				010CF5931B1ADFF7005BB64C /* ProgressLayer.m in Sources */,
				010CF5711B1ADFA4005BB64C /* ViewController.m in Sources */,
				010CF56E1B1ADFA4005BB64C /* AppDelegate.m in Sources */,
				010CF5941B1ADFF7005BB64C /* TriColorCircularProgress.m in Sources */,
				010CF56B1B1ADFA4005BB64C /* main.m in Sources */,
			);
			runOnlyForDeploymentPostprocessing = 0;
		};
		010CF57A1B1ADFA4005BB64C /* Sources */ = {
			isa = PBXSourcesBuildPhase;
			buildActionMask = 2147483647;
			files = (
				010CF5851B1ADFA4005BB64C /* TriColorCircularDemoTests.m in Sources */,
			);
			runOnlyForDeploymentPostprocessing = 0;
		};
/* End PBXSourcesBuildPhase section */

/* Begin PBXTargetDependency section */
		010CF5801B1ADFA4005BB64C /* PBXTargetDependency */ = {
			isa = PBXTargetDependency;
			target = 010CF5641B1ADFA4005BB64C /* TriColorCircularDemo */;
			targetProxy = 010CF57F1B1ADFA4005BB64C /* PBXContainerItemProxy */;
		};
/* End PBXTargetDependency section */

/* Begin PBXVariantGroup section */
		010CF5721B1ADFA4005BB64C /* Main.storyboard */ = {
			isa = PBXVariantGroup;
			children = (
				010CF5731B1ADFA4005BB64C /* Base */,
			);
			name = Main.storyboard;
			sourceTree = "<group>";
		};
		010CF5771B1ADFA4005BB64C /* LaunchScreen.xib */ = {
			isa = PBXVariantGroup;
			children = (
				010CF5781B1ADFA4005BB64C /* Base */,
			);
			name = LaunchScreen.xib;
			sourceTree = "<group>";
		};
/* End PBXVariantGroup section */

/* Begin XCBuildConfiguration section */
		010CF5861B1ADFA4005BB64C /* Debug */ = {
			isa = XCBuildConfiguration;
			buildSettings = {
				ALWAYS_SEARCH_USER_PATHS = NO;
				CLANG_CXX_LANGUAGE_STANDARD = "gnu++0x";
				CLANG_CXX_LIBRARY = "libc++";
				CLANG_ENABLE_MODULES = YES;
				CLANG_ENABLE_OBJC_ARC = YES;
				CLANG_WARN_BOOL_CONVERSION = YES;
				CLANG_WARN_CONSTANT_CONVERSION = YES;
				CLANG_WARN_DIRECT_OBJC_ISA_USAGE = YES_ERROR;
				CLANG_WARN_EMPTY_BODY = YES;
				CLANG_WARN_ENUM_CONVERSION = YES;
				CLANG_WARN_INT_CONVERSION = YES;
				CLANG_WARN_OBJC_ROOT_CLASS = YES_ERROR;
				CLANG_WARN_UNREACHABLE_CODE = YES;
				CLANG_WARN__DUPLICATE_METHOD_MATCH = YES;
				CODE_SIGN_IDENTITY = "iPhone Developer";
				"CODE_SIGN_IDENTITY[sdk=iphoneos*]" = "iPhone Developer";
				COPY_PHASE_STRIP = NO;
				DEBUG_INFORMATION_FORMAT = "dwarf-with-dsym";
				ENABLE_STRICT_OBJC_MSGSEND = YES;
				GCC_C_LANGUAGE_STANDARD = gnu99;
				GCC_DYNAMIC_NO_PIC = NO;
				GCC_NO_COMMON_BLOCKS = YES;
				GCC_OPTIMIZATION_LEVEL = 0;
				GCC_PREPROCESSOR_DEFINITIONS = (
					"DEBUG=1",
					"$(inherited)",
				);
				GCC_SYMBOLS_PRIVATE_EXTERN = NO;
				GCC_WARN_64_TO_32_BIT_CONVERSION = YES;
				GCC_WARN_ABOUT_RETURN_TYPE = YES_ERROR;
				GCC_WARN_UNDECLARED_SELECTOR = YES;
				GCC_WARN_UNINITIALIZED_AUTOS = YES_AGGRESSIVE;
				GCC_WARN_UNUSED_FUNCTION = YES;
				GCC_WARN_UNUSED_VARIABLE = YES;
				IPHONEOS_DEPLOYMENT_TARGET = 8.3;
				MTL_ENABLE_DEBUG_INFO = YES;
				ONLY_ACTIVE_ARCH = YES;
				SDKROOT = iphoneos;
			};
			name = Debug;
		};
		010CF5871B1ADFA4005BB64C /* Release */ = {
			isa = XCBuildConfiguration;
			buildSettings = {
				ALWAYS_SEARCH_USER_PATHS = NO;
				CLANG_CXX_LANGUAGE_STANDARD = "gnu++0x";
				CLANG_CXX_LIBRARY = "libc++";
				CLANG_ENABLE_MODULES = YES;
				CLANG_ENABLE_OBJC_ARC = YES;
				CLANG_WARN_BOOL_CONVERSION = YES;
				CLANG_WARN_CONSTANT_CONVERSION = YES;
				CLANG_WARN_DIRECT_OBJC_ISA_USAGE = YES_ERROR;
				CLANG_WARN_EMPTY_BODY = YES;
				CLANG_WARN_ENUM_CONVERSION = YES;
				CLANG_WARN_INT_CONVERSION = YES;
				CLANG_WARN_OBJC_ROOT_CLASS = YES_ERROR;
				CLANG_WARN_UNREACHABLE_CODE = YES;
				CLANG_WARN__DUPLICATE_METHOD_MATCH = YES;
				CODE_SIGN_IDENTITY = "iPhone Developer";
				"CODE_SIGN_IDENTITY[sdk=iphoneos*]" = "iPhone Developer";
				COPY_PHASE_STRIP = NO;
				DEBUG_INFORMATION_FORMAT = "dwarf-with-dsym";
				ENABLE_NS_ASSERTIONS = NO;
				ENABLE_STRICT_OBJC_MSGSEND = YES;
				GCC_C_LANGUAGE_STANDARD = gnu99;
				GCC_NO_COMMON_BLOCKS = YES;
				GCC_WARN_64_TO_32_BIT_CONVERSION = YES;
				GCC_WARN_ABOUT_RETURN_TYPE = YES_ERROR;
				GCC_WARN_UNDECLARED_SELECTOR = YES;
				GCC_WARN_UNINITIALIZED_AUTOS = YES_AGGRESSIVE;
				GCC_WARN_UNUSED_FUNCTION = YES;
				GCC_WARN_UNUSED_VARIABLE = YES;
				IPHONEOS_DEPLOYMENT_TARGET = 8.3;
				MTL_ENABLE_DEBUG_INFO = NO;
				SDKROOT = iphoneos;
				VALIDATE_PRODUCT = YES;
			};
			name = Release;
		};
		010CF5891B1ADFA4005BB64C /* Debug */ = {
			isa = XCBuildConfiguration;
			buildSettings = {
				ASSETCATALOG_COMPILER_APPICON_NAME = AppIcon;
				CODE_SIGN_IDENTITY = "iPhone Developer";
				INFOPLIST_FILE = TriColorCircularDemo/Info.plist;
				LD_RUNPATH_SEARCH_PATHS = "$(inherited) @executable_path/Frameworks";
				PRODUCT_NAME = "$(TARGET_NAME)";
			};
			name = Debug;
		};
		010CF58A1B1ADFA4005BB64C /* Release */ = {
			isa = XCBuildConfiguration;
			buildSettings = {
				ASSETCATALOG_COMPILER_APPICON_NAME = AppIcon;
				CODE_SIGN_IDENTITY = "iPhone Developer";
				INFOPLIST_FILE = TriColorCircularDemo/Info.plist;
				LD_RUNPATH_SEARCH_PATHS = "$(inherited) @executable_path/Frameworks";
				PRODUCT_NAME = "$(TARGET_NAME)";
			};
			name = Release;
		};
		010CF58C1B1ADFA4005BB64C /* Debug */ = {
			isa = XCBuildConfiguration;
			buildSettings = {
				BUNDLE_LOADER = "$(TEST_HOST)";
				FRAMEWORK_SEARCH_PATHS = (
					"$(SDKROOT)/Developer/Library/Frameworks",
					"$(inherited)",
				);
				GCC_PREPROCESSOR_DEFINITIONS = (
					"DEBUG=1",
					"$(inherited)",
				);
				INFOPLIST_FILE = TriColorCircularDemoTests/Info.plist;
				LD_RUNPATH_SEARCH_PATHS = "$(inherited) @executable_path/Frameworks @loader_path/Frameworks";
				PRODUCT_NAME = "$(TARGET_NAME)";
				TEST_HOST = "$(BUILT_PRODUCTS_DIR)/TriColorCircularDemo.app/TriColorCircularDemo";
			};
			name = Debug;
		};
		010CF58D1B1ADFA4005BB64C /* Release */ = {
			isa = XCBuildConfiguration;
			buildSettings = {
				BUNDLE_LOADER = "$(TEST_HOST)";
				FRAMEWORK_SEARCH_PATHS = (
					"$(SDKROOT)/Developer/Library/Frameworks",
					"$(inherited)",
				);
				INFOPLIST_FILE = TriColorCircularDemoTests/Info.plist;
				LD_RUNPATH_SEARCH_PATHS = "$(inherited) @executable_path/Frameworks @loader_path/Frameworks";
				PRODUCT_NAME = "$(TARGET_NAME)";
				TEST_HOST = "$(BUILT_PRODUCTS_DIR)/TriColorCircularDemo.app/TriColorCircularDemo";
			};
			name = Release;
		};
/* End XCBuildConfiguration section */

/* Begin XCConfigurationList section */
		010CF5601B1ADFA4005BB64C /* Build configuration list for PBXProject "TriColorCircularDemo" */ = {
			isa = XCConfigurationList;
			buildConfigurations = (
				010CF5861B1ADFA4005BB64C /* Debug */,
				010CF5871B1ADFA4005BB64C /* Release */,
			);
			defaultConfigurationIsVisible = 0;
			defaultConfigurationName = Release;
		};
		010CF5881B1ADFA4005BB64C /* Build configuration list for PBXNativeTarget "TriColorCircularDemo" */ = {
			isa = XCConfigurationList;
			buildConfigurations = (
				010CF5891B1ADFA4005BB64C /* Debug */,
				010CF58A1B1ADFA4005BB64C /* Release */,
			);
			defaultConfigurationIsVisible = 0;
			defaultConfigurationName = Release;
		};
		010CF58B1B1ADFA4005BB64C /* Build configuration list for PBXNativeTarget "TriColorCircularDemoTests" */ = {
			isa = XCConfigurationList;
			buildConfigurations = (
				010CF58C1B1ADFA4005BB64C /* Debug */,
				010CF58D1B1ADFA4005BB64C /* Release */,
			);
			defaultConfigurationIsVisible = 0;
			defaultConfigurationName = Release;
		};
/* End XCConfigurationList section */
	};
	rootObject = 010CF55D1B1ADFA4005BB64C /* Project object */;
}
